
Microsoft Visual Studio Solution File, Format Version 12.00
# Visual Studio 2012
Project("{FAE04EC0-301F-11D3-BF4B-00C04F79EFBC}") = "GooglePlusOAuthLogin", "GooglePlusOAuthLogin\GooglePlusOAuthLogin.csproj", "{311C3A0F-C1A7-4249-979B-2E1D77A36133}"
EndProject
Project("{2150E333-8FDC-42A3-9474-1A3956D46DE8}") = ".nuget", ".nuget", "{594EBA6B-A2D7-49C7-A040-0BC883F2BE42}"
	ProjectSection(SolutionItems) = preProject
		.nuget\NuGet.Config = .nuget\NuGet.Config
		.nuget\NuGet.exe = .nuget\NuGet.exe
		.nuget\NuGet.targets = .nuget\NuGet.targets
	EndProjectSection
EndProject
Global
	GlobalSection(SolutionConfigurationPlatforms) = preSolution
		Debug|Any CPU = Debug|Any CPU
		Release|Any CPU = Release|Any CPU
	EndGlobalSection
	GlobalSection(ProjectConfigurationPlatforms) = postSolution
		{311C3A0F-C1A7-4249-979B-2E1D77A36133}.Debug|Any CPU.ActiveCfg = Debug|Any CPU
		{311C3A0F-C1A7-4249-979B-2E1D77A36133}.Debug|Any CPU.Build.0 = Debug|Any CPU
		{311C3A0F-C1A7-4249-979B-2E1D77A36133}.Release|Any CPU.ActiveCfg = Release|Any CPU
		{311C3A0F-C1A7-4249-979B-2E1D77A36133}.Release|Any CPU.Build.0 = Release|Any CPU
	EndGlobalSection
	GlobalSection(SolutionProperties) = preSolution
		HideSolutionNode = FALSE
	EndGlobalSection
EndGlobal
